
Microsoft Visual Studio Solution File, Format Version 12.00
# Visual Studio 2015
Project("{FAE04EC0-301F-11D3-BF4B-00C04F79EFBC}") = "AR Shooter.CSharp", "AR Shooter.CSharp.csproj", "{15F78643-221F-56C3-D598-D49642161C28}"
EndProject
Project("{FAE04EC0-301F-11D3-BF4B-00C04F79EFBC}") = "AR Shooter.CSharp.Editor", "AR Shooter.CSharp.Editor.csproj", "{B18BB356-A085-B32A-1189-F47F16E2E82A}"
EndProject
Global
	GlobalSection(SolutionConfigurationPlatforms) = preSolution
		Debug|Any CPU = Debug|Any CPU
		Release|Any CPU = Release|Any CPU
	EndGlobalSection
	GlobalSection(ProjectConfigurationPlatforms) = postSolution
		{15F78643-221F-56C3-D598-D49642161C28}.Debug|Any CPU.ActiveCfg = Debug|Any CPU
		{15F78643-221F-56C3-D598-D49642161C28}.Debug|Any CPU.Build.0 = Debug|Any CPU
		{15F78643-221F-56C3-D598-D49642161C28}.Release|Any CPU.ActiveCfg = Release|Any CPU
		{15F78643-221F-56C3-D598-D49642161C28}.Release|Any CPU.Build.0 = Release|Any CPU
		{B18BB356-A085-B32A-1189-F47F16E2E82A}.Debug|Any CPU.ActiveCfg = Debug|Any CPU
		{B18BB356-A085-B32A-1189-F47F16E2E82A}.Debug|Any CPU.Build.0 = Debug|Any CPU
		{B18BB356-A085-B32A-1189-F47F16E2E82A}.Release|Any CPU.ActiveCfg = Release|Any CPU
		{B18BB356-A085-B32A-1189-F47F16E2E82A}.Release|Any CPU.Build.0 = Release|Any CPU
	EndGlobalSection
	GlobalSection(SolutionProperties) = preSolution
		HideSolutionNode = FALSE
	EndGlobalSection
EndGlobal
